{
  "lockfileVersion": 1,
  "workspaces": {
    "": {
      "dependencies": {
        "@tanstack/react-query": "^5.76.1",
        "@trpc/client": "^11.1.2",
        "@trpc/server": "^11.1.2",
        "@trpc/tanstack-react-query": "^11.1.2",
        "client-only": "^0.0.1",
        "server-only": "^0.0.1",
        "zod": "^3.25.7",
      },
    },
  },
  "packages": {
    "@tanstack/query-core": ["@tanstack/query-core@5.76.0", "", {}, "sha512-FN375hb8ctzfNAlex5gHI6+WDXTNpe0nbxp/d2YJtnP+IBM6OUm7zcaoCW6T63BawGOYZBbKC0iPvr41TteNVg=="],

    "@tanstack/react-query": ["@tanstack/react-query@5.76.1", "", { "dependencies": { "@tanstack/query-core": "5.76.0" }, "peerDependencies": { "react": "^18 || ^19" } }, "sha512-YxdLZVGN4QkT5YT1HKZQWiIlcgauIXEIsMOTSjvyD5wLYK8YVvKZUPAysMqossFJJfDpJW3pFn7WNZuPOqq+fw=="],

    "@trpc/client": ["@trpc/client@11.1.2", "", { "peerDependencies": { "@trpc/server": "11.1.2", "typescript": ">=5.7.2" } }, "sha512-RpifJOAv+ql9gF3oafa3dLCF01AzWu2DzejvehAPG2IlwHxopKoYXaImJ8zPwRkZokuWiKz5v65HjElmi8TlrQ=="],

    "@trpc/server": ["@trpc/server@11.1.2", "", { "peerDependencies": { "typescript": ">=5.7.2" } }, "sha512-Oi9zWHG0ZDkbDo4sYkduoV7q4sIe6UwjrRLC91vNMYQK+PVgpbTCmK1laRwewAGu0zaayqcGDosANjceOIC3GA=="],

    "@trpc/tanstack-react-query": ["@trpc/tanstack-react-query@11.1.2", "", { "peerDependencies": { "@tanstack/react-query": "^5.67.1", "@trpc/client": "11.1.2", "@trpc/server": "11.1.2", "react": ">=18.2.0", "react-dom": ">=18.2.0", "typescript": ">=5.7.2" } }, "sha512-c+NupnmIQmwgwYVTaHgDg59BZBtJ6KxqB0cxF9FBhKHPY6PlwGLdU8+mo25C5VIpofZYEII4H7NKE4yKGFSe3w=="],

    "client-only": ["client-only@0.0.1", "", {}, "sha512-IV3Ou0jSMzZrd3pZ48nLkT9DA7Ag1pnPzaiQhpW7c3RbcqqzvzzVu+L8gfqMp/8IM2MQtSiqaCxrrcfu8I8rMA=="],

    "react": ["react@19.1.0", "", {}, "sha512-FS+XFBNvn3GTAWq26joslQgWNoFu08F4kl0J4CgdNKADkdSGXQyTCnKteIAJy96Br6YbpEU1LSzV5dYtjMkMDg=="],

    "react-dom": ["react-dom@19.1.0", "", { "dependencies": { "scheduler": "^0.26.0" }, "peerDependencies": { "react": "^19.1.0" } }, "sha512-Xs1hdnE+DyKgeHJeJznQmYMIBG3TKIHJJT95Q58nHLSrElKlGQqDTR2HQ9fx5CN/Gk6Vh/kupBTDLU11/nDk/g=="],

    "scheduler": ["scheduler@0.26.0", "", {}, "sha512-NlHwttCI/l5gCPR3D1nNXtWABUmBwvZpEQiD4IXSbIDq8BzLIK/7Ir5gTFSGZDUu37K5cMNp0hFtzO38sC7gWA=="],

    "server-only": ["server-only@0.0.1", "", {}, "sha512-qepMx2JxAa5jjfzxG79yPPq+8BuFToHd1hm7kI+Z4zAq1ftQiP7HcxMhDDItrbtwVeLg/cY2JnKnrcFkmiswNA=="],

    "typescript": ["typescript@5.8.3", "", { "bin": { "tsc": "bin/tsc", "tsserver": "bin/tsserver" } }, "sha512-p1diW6TqL9L07nNxvRMM7hMMw4c5XOo/1ibL4aAIGmSAt9slTE1Xgw5KWuof2uTOvCg9BY7ZRi+GaF+7sfgPeQ=="],

    "zod": ["zod@3.25.7", "", {}, "sha512-YGdT1cVRmKkOg6Sq7vY7IkxdphySKnXhaUmFI4r4FcuFVNgpCb9tZfNwXbT6BPjD5oz0nubFsoo9pIqKrDcCvg=="],
  }
}
